
Microsoft Visual Studio Solution File, Format Version 12.00
# Visual Studio 15
VisualStudioVersion = 15.0.27428.2037
MinimumVisualStudioVersion = 10.0.40219.1
Project("{FAE04EC0-301F-11D3-BF4B-00C04F79EFBC}") = "Silk4NETProject4", "Silk4NETProject4\Silk4NETProject4.csproj", "{6250ECC2-7568-497D-9365-45E7C345674A}"
EndProject
Global
	GlobalSection(SolutionConfigurationPlatforms) = preSolution
		Debug|Any CPU = Debug|Any CPU
		Release|Any CPU = Release|Any CPU
	EndGlobalSection
	GlobalSection(ProjectConfigurationPlatforms) = postSolution
		{6250ECC2-7568-497D-9365-45E7C345674A}.Debug|Any CPU.ActiveCfg = Debug|Any CPU
		{6250ECC2-7568-497D-9365-45E7C345674A}.Debug|Any CPU.Build.0 = Debug|Any CPU
		{6250ECC2-7568-497D-9365-45E7C345674A}.Release|Any CPU.ActiveCfg = Release|Any CPU
		{6250ECC2-7568-497D-9365-45E7C345674A}.Release|Any CPU.Build.0 = Release|Any CPU
	EndGlobalSection
	GlobalSection(SolutionProperties) = preSolution
		HideSolutionNode = FALSE
	EndGlobalSection
	GlobalSection(ExtensibilityGlobals) = postSolution
		SolutionGuid = {96426EFA-AC06-4A79-A70F-14A57F7D6C3F}
	EndGlobalSection
EndGlobal
