
Microsoft Visual Studio Solution File, Format Version 12.00
# Visual Studio 15
VisualStudioVersion = 15.0.27428.2037
MinimumVisualStudioVersion = 10.0.40219.1
Project("{FAE04EC0-301F-11D3-BF4B-00C04F79EFBC}") = "Silk4NETProject1", "Silk4NETProject1\Silk4NETProject1.csproj", "{56D906D9-C738-4211-BCF2-5677786CD016}"
EndProject
Global
	GlobalSection(SolutionConfigurationPlatforms) = preSolution
		Debug|Any CPU = Debug|Any CPU
		Release|Any CPU = Release|Any CPU
	EndGlobalSection
	GlobalSection(ProjectConfigurationPlatforms) = postSolution
		{56D906D9-C738-4211-BCF2-5677786CD016}.Debug|Any CPU.ActiveCfg = Debug|Any CPU
		{56D906D9-C738-4211-BCF2-5677786CD016}.Debug|Any CPU.Build.0 = Debug|Any CPU
		{56D906D9-C738-4211-BCF2-5677786CD016}.Release|Any CPU.ActiveCfg = Release|Any CPU
		{56D906D9-C738-4211-BCF2-5677786CD016}.Release|Any CPU.Build.0 = Release|Any CPU
	EndGlobalSection
	GlobalSection(SolutionProperties) = preSolution
		HideSolutionNode = FALSE
	EndGlobalSection
	GlobalSection(ExtensibilityGlobals) = postSolution
		SolutionGuid = {A862A7C1-E2CA-4671-A1BF-A2BE1C2DE074}
	EndGlobalSection
EndGlobal
